
Microsoft Visual Studio Solution File, Format Version 12.00
Project("{FAE04EC0-301F-11D3-BF4B-00C04F79EFBC}") = "xorWallet", "xorWallet\xorWallet.csproj", "{F15B247F-29CB-4C73-AE2C-2A086D1A4A7F}"
EndProject
Global
	GlobalSection(SolutionConfigurationPlatforms) = preSolution
		Debug|Any CPU = Debug|Any CPU
		Release|Any CPU = Release|Any CPU
	EndGlobalSection
	GlobalSection(ProjectConfigurationPlatforms) = postSolution
		{F15B247F-29CB-4C73-AE2C-2A086D1A4A7F}.Debug|Any CPU.ActiveCfg = Debug|Any CPU
		{F15B247F-29CB-4C73-AE2C-2A086D1A4A7F}.Debug|Any CPU.Build.0 = Debug|Any CPU
		{F15B247F-29CB-4C73-AE2C-2A086D1A4A7F}.Release|Any CPU.ActiveCfg = Release|Any CPU
		{F15B247F-29CB-4C73-AE2C-2A086D1A4A7F}.Release|Any CPU.Build.0 = Release|Any CPU
	EndGlobalSection
EndGlobal
